Microsoft Visual Studio Solution File, Format Version 12.00
# Visual Studio Version 17
VisualStudioVersion = 17.5.2.0
MinimumVisualStudioVersion = 10.0.40219.1
Project("{FAE04EC0-301F-11D3-BF4B-00C04F79EFBC}") = "SteelEngine", "SteelEngine.csproj", "{AE8F189E-5D5E-A3D6-16C2-4437EB0BE17E}"
EndProject
Global
	GlobalSection(SolutionConfigurationPlatforms) = preSolution
		Debug|Any CPU = Debug|Any CPU
		Release|Any CPU = Release|Any CPU
	EndGlobalSection
	GlobalSection(ProjectConfigurationPlatforms) = postSolution
		{AE8F189E-5D5E-A3D6-16C2-4437EB0BE17E}.Debug|Any CPU.ActiveCfg = Debug|Any CPU
		{AE8F189E-5D5E-A3D6-16C2-4437EB0BE17E}.Debug|Any CPU.Build.0 = Debug|Any CPU
		{AE8F189E-5D5E-A3D6-16C2-4437EB0BE17E}.Release|Any CPU.ActiveCfg = Release|Any CPU
		{AE8F189E-5D5E-A3D6-16C2-4437EB0BE17E}.Release|Any CPU.Build.0 = Release|Any CPU
	EndGlobalSection
	GlobalSection(SolutionProperties) = preSolution
		HideSolutionNode = FALSE
	EndGlobalSection
	GlobalSection(ExtensibilityGlobals) = postSolution
		SolutionGuid = {398FA6EB-6181-45F8-BC62-2EAB992D7374}
	EndGlobalSection
EndGlobal
